{
  "name": "fechas",
  "version": "1.0.0",
  "lockfileVersion": 3,
  "requires": true,
  "packages": {
    "": {
      "name": "fechas",
      "version": "1.0.0",
      "license": "ISC",
      "dependencies": {
        "day": "^0.0.2",
        "dayjs": "^1.11.7"
      }
    },
    "node_modules/day": {
      "version": "0.0.2",
      "resolved": "https://registry.npmjs.org/day/-/day-0.0.2.tgz",
      "integrity": "sha512-o889G1KUU4sX0+qd5g0JMGJV0MR7Kv89//yDe72ySr8dMdQH+dglY5KqCE3iy8uJs56RRerYv7WqY/AXpoMNzw==",
      "engines": {
        "node": ">= 0.10.17"
      }
    },
    "node_modules/dayjs": {
      "version": "1.11.7",
      "resolved": "https://registry.npmjs.org/dayjs/-/dayjs-1.11.7.tgz",
      "integrity": "sha512-+Yw9U6YO5TQohxLcIkrXBeY73WP3ejHWVvx8XCk3gxvQDCTEmS48ZrSZCKciI7Bhl/uCMyxYtE9UqRILmFphkQ=="
    }
  }
}
